{
  "originHash" : "e3d3169b0fa1aaccfb2c3a2ef8bb5bfd352ed3051837fc54689e8819a4cc0c73",
  "pins" : [
    {
      "identity" : "robotkit",
      "kind" : "remoteSourceControl",
      "location" : "https://github.com/nthState/RobotKit",
      "state" : {
        "branch" : "main",
        "revision" : "526b4e2ae09a7049e957d7f530acff574fbbcbcc"
      }
    }
  ],
  "version" : 3
}
