{
  "originHash" : "e3d3169b0fa1aaccfb2c3a2ef8bb5bfd352ed3051837fc54689e8819a4cc0c73",
  "pins" : [
    {
      "identity" : "robotkit",
      "kind" : "remoteSourceControl",
      "location" : "https://github.com/nthState/RobotKit",
      "state" : {
        "revision" : "a7acfdfeb1d2409d72af63e58ae600f55e954128",
        "version" : "0.0.1"
      }
    }
  ],
  "version" : 3
}
