// !$*UTF8*$!
{
	archiveVersion = 1;
	classes = {
	};
	objectVersion = 77;
	objects = {

/* Begin PBXBuildFile section */
		6712AE292ED8970C00527348 /* RobotKit in Frameworks */ = {isa = PBXBuildFile; productRef = 6712AE282ED8970C00527348 /* RobotKit */; };
/* End PBXBuildFile section */

/* Begin PBXContainerItemProxy section */
		6712ADB12ED8964800527348 /* PBXContainerItemProxy */ = {
			isa = PBXContainerItemProxy;
			containerPortal = 6712AD9B2ED8964700527348 /* Project object */;
			proxyType = 1;
			remoteGlobalIDString = 6712ADA22ED8964700527348;
			remoteInfo = RobotKitSample;
		};
		6712ADBB2ED8964800527348 /* PBXContainerItemProxy */ = {
			isa = PBXContainerItemProxy;
			containerPortal = 6712AD9B2ED8964700527348 /* Project object */;
			proxyType = 1;
			remoteGlobalIDString = 6712ADA22ED8964700527348;
			remoteInfo = RobotKitSample;
		};
/* End PBXContainerItemProxy section */

/* Begin PBXFileReference section */
		6712ADA32ED8964700527348 /* RobotKitSample.app */ = {isa = PBXFileReference; explicitFileType = wrapper.application; includeInIndex = 0; path = RobotKitSample.app; sourceTree = BUILT_PRODUCTS_DIR; };
		6712ADB02ED8964800527348 /* RobotKitSampleTests.xctest */ = {isa = PBXFileReference; explicitFileType = wrapper.cfbundle; includeInIndex = 0; path = RobotKitSampleTests.xctest; sourceTree = BUILT_PRODUCTS_DIR; };
		6712ADBA2ED8964800527348 /* RobotKitSampleUITests.xctest */ = {isa = PBXFileReference; explicitFileType = wrapper.cfbundle; includeInIndex = 0; path = RobotKitSampleUITests.xctest; sourceTree = BUILT_PRODUCTS_DIR; };
/* End PBXFileReference section */

/* Begin PBXFileSystemSynchronizedBuildFileExceptionSet section */
		67C23B972EEB0AB100AAA9A9 /* Exceptions for "RobotKitSample" folder in "RobotKitSample" target */ = {
			isa = PBXFileSystemSynchronizedBuildFileExceptionSet;
			membershipExceptions = (
				Info.plist,
			);
			target = 6712ADA22ED8964700527348 /* RobotKitSample */;
		};
		67C23B9B2EEB0E5E00AAA9A9 /* Exceptions for "RobotKitSampleUITests" folder in "RobotKitSampleUITests" target */ = {
			isa = PBXFileSystemSynchronizedBuildFileExceptionSet;
			membershipExceptions = (
				Info.plist,
			);
			target = 6712ADB92ED8964800527348 /* RobotKitSampleUITests */;
		};
/* End PBXFileSystemSynchronizedBuildFileExceptionSet section */

/* Begin PBXFileSystemSynchronizedRootGroup section */
		6712ADA52ED8964700527348 /* RobotKitSample */ = {
			isa = PBXFileSystemSynchronizedRootGroup;
			exceptions = (
				67C23B972EEB0AB100AAA9A9 /* Exceptions for "RobotKitSample" folder in "RobotKitSample" target */,
			);
			path = RobotKitSample;
			sourceTree = "<group>";
		};
		6712ADB32ED8964800527348 /* RobotKitSampleTests */ = {
			isa = PBXFileSystemSynchronizedRootGroup;
			path = RobotKitSampleTests;
			sourceTree = "<group>";
		};
		6712ADBD2ED8964800527348 /* RobotKitSampleUITests */ = {
			isa = PBXFileSystemSynchronizedRootGroup;
			exceptions = (
				67C23B9B2EEB0E5E00AAA9A9 /* Exceptions for "RobotKitSampleUITests" folder in "RobotKitSampleUITests" target */,
			);
			path = RobotKitSampleUITests;
			sourceTree = "<group>";
		};
/* End PBXFileSystemSynchronizedRootGroup section */

/* Begin PBXFrameworksBuildPhase section */
		6712ADA02ED8964700527348 /* Frameworks */ = {
			isa = PBXFrameworksBuildPhase;
			buildActionMask = 2147483647;
			files = (
			);
			runOnlyForDeploymentPostprocessing = 0;
		};
		6712ADAD2ED8964800527348 /* Frameworks */ = {
			isa = PBXFrameworksBuildPhase;
			buildActionMask = 2147483647;
			files = (
			);
			runOnlyForDeploymentPostprocessing = 0;
		};
		6712ADB72ED8964800527348 /* Frameworks */ = {
			isa = PBXFrameworksBuildPhase;
			buildActionMask = 2147483647;
			files = (
				6712AE292ED8970C00527348 /* RobotKit in Frameworks */,
			);
			runOnlyForDeploymentPostprocessing = 0;
		};
/* End PBXFrameworksBuildPhase section */

/* Begin PBXGroup section */
		6712AD9A2ED8964700527348 = {
			isa = PBXGroup;
			children = (
				6712ADA52ED8964700527348 /* RobotKitSample */,
				6712ADB32ED8964800527348 /* RobotKitSampleTests */,
				6712ADBD2ED8964800527348 /* RobotKitSampleUITests */,
				6712ADA42ED8964700527348 /* Products */,
			);
			sourceTree = "<group>";
		};
		6712ADA42ED8964700527348 /* Products */ = {
			isa = PBXGroup;
			children = (
				6712ADA32ED8964700527348 /* RobotKitSample.app */,
				6712ADB02ED8964800527348 /* RobotKitSampleTests.xctest */,
				6712ADBA2ED8964800527348 /* RobotKitSampleUITests.xctest */,
			);
			name = Products;
			sourceTree = "<group>";
		};
/* End PBXGroup section */

/* Begin PBXNativeTarget section */
		6712ADA22ED8964700527348 /* RobotKitSample */ = {
			isa = PBXNativeTarget;
			buildConfigurationList = 6712ADC42ED8964800527348 /* Build configuration list for PBXNativeTarget "RobotKitSample" */;
			buildPhases = (
				6712AD9F2ED8964700527348 /* Sources */,
				6712ADA02ED8964700527348 /* Frameworks */,
				6712ADA12ED8964700527348 /* Resources */,
			);
			buildRules = (
			);
			dependencies = (
			);
			fileSystemSynchronizedGroups = (
				6712ADA52ED8964700527348 /* RobotKitSample */,
			);
			name = RobotKitSample;
			packageProductDependencies = (
			);
			productName = RobotKitSample;
			productReference = 6712ADA32ED8964700527348 /* RobotKitSample.app */;
			productType = "com.apple.product-type.application";
		};
		6712ADAF2ED8964800527348 /* RobotKitSampleTests */ = {
			isa = PBXNativeTarget;
			buildConfigurationList = 6712ADC72ED8964800527348 /* Build configuration list for PBXNativeTarget "RobotKitSampleTests" */;
			buildPhases = (
				6712ADAC2ED8964800527348 /* Sources */,
				6712ADAD2ED8964800527348 /* Frameworks */,
				6712ADAE2ED8964800527348 /* Resources */,
			);
			buildRules = (
			);
			dependencies = (
				6712ADB22ED8964800527348 /* PBXTargetDependency */,
			);
			fileSystemSynchronizedGroups = (
				6712ADB32ED8964800527348 /* RobotKitSampleTests */,
			);
			name = RobotKitSampleTests;
			packageProductDependencies = (
			);
			productName = RobotKitSampleTests;
			productReference = 6712ADB02ED8964800527348 /* RobotKitSampleTests.xctest */;
			productType = "com.apple.product-type.bundle.unit-test";
		};
		6712ADB92ED8964800527348 /* RobotKitSampleUITests */ = {
			isa = PBXNativeTarget;
			buildConfigurationList = 6712ADCA2ED8964800527348 /* Build configuration list for PBXNativeTarget "RobotKitSampleUITests" */;
			buildPhases = (
				6712ADB62ED8964800527348 /* Sources */,
				6712ADB72ED8964800527348 /* Frameworks */,
				6712ADB82ED8964800527348 /* Resources */,
			);
			buildRules = (
			);
			dependencies = (
				6712ADBC2ED8964800527348 /* PBXTargetDependency */,
			);
			fileSystemSynchronizedGroups = (
				6712ADBD2ED8964800527348 /* RobotKitSampleUITests */,
			);
			name = RobotKitSampleUITests;
			packageProductDependencies = (
				6712AE282ED8970C00527348 /* RobotKit */,
			);
			productName = RobotKitSampleUITests;
			productReference = 6712ADBA2ED8964800527348 /* RobotKitSampleUITests.xctest */;
			productType = "com.apple.product-type.bundle.ui-testing";
		};
/* End PBXNativeTarget section */

/* Begin PBXProject section */
		6712AD9B2ED8964700527348 /* Project object */ = {
			isa = PBXProject;
			attributes = {
				BuildIndependentTargetsInParallel = 1;
				LastSwiftUpdateCheck = 2600;
				LastUpgradeCheck = 2600;
				TargetAttributes = {
					6712ADA22ED8964700527348 = {
						CreatedOnToolsVersion = 26.0.1;
					};
					6712ADAF2ED8964800527348 = {
						CreatedOnToolsVersion = 26.0.1;
						TestTargetID = 6712ADA22ED8964700527348;
					};
					6712ADB92ED8964800527348 = {
						CreatedOnToolsVersion = 26.0.1;
						TestTargetID = 6712ADA22ED8964700527348;
					};
				};
			};
			buildConfigurationList = 6712AD9E2ED8964700527348 /* Build configuration list for PBXProject "RobotKitSample" */;
			developmentRegion = en;
			hasScannedForEncodings = 0;
			knownRegions = (
				en,
				Base,
			);
			mainGroup = 6712AD9A2ED8964700527348;
			minimizedProjectReferenceProxies = 1;
			packageReferences = (
				6712AE272ED8970C00527348 /* XCRemoteSwiftPackageReference "RobotKit" */,
			);
			preferredProjectObjectVersion = 77;
			productRefGroup = 6712ADA42ED8964700527348 /* Products */;
			projectDirPath = "";
			projectRoot = "";
			targets = (
				6712ADA22ED8964700527348 /* RobotKitSample */,
				6712ADAF2ED8964800527348 /* RobotKitSampleTests */,
				6712ADB92ED8964800527348 /* RobotKitSampleUITests */,
			);
		};
/* End PBXProject section */

/* Begin PBXResourcesBuildPhase section */
		6712ADA12ED8964700527348 /* Resources */ = {
			isa = PBXResourcesBuildPhase;
			buildActionMask = 2147483647;
			files = (
			);
			runOnlyForDeploymentPostprocessing = 0;
		};
		6712ADAE2ED8964800527348 /* Resources */ = {
			isa = PBXResourcesBuildPhase;
			buildActionMask = 2147483647;
			files = (
			);
			runOnlyForDeploymentPostprocessing = 0;
		};
		6712ADB82ED8964800527348 /* Resources */ = {
			isa = PBXResourcesBuildPhase;
			buildActionMask = 2147483647;
			files = (
			);
			runOnlyForDeploymentPostprocessing = 0;
		};
/* End PBXResourcesBuildPhase section */

/* Begin PBXSourcesBuildPhase section */
		6712AD9F2ED8964700527348 /* Sources */ = {
			isa = PBXSourcesBuildPhase;
			buildActionMask = 2147483647;
			files = (
			);
			runOnlyForDeploymentPostprocessing = 0;
		};
		6712ADAC2ED8964800527348 /* Sources */ = {
			isa = PBXSourcesBuildPhase;
			buildActionMask = 2147483647;
			files = (
			);
			runOnlyForDeploymentPostprocessing = 0;
		};
		6712ADB62ED8964800527348 /* Sources */ = {
			isa = PBXSourcesBuildPhase;
			buildActionMask = 2147483647;
			files = (
			);
			runOnlyForDeploymentPostprocessing = 0;
		};
/* End PBXSourcesBuildPhase section */

/* Begin PBXTargetDependency section */
		6712ADB22ED8964800527348 /* PBXTargetDependency */ = {
			isa = PBXTargetDependency;
			target = 6712ADA22ED8964700527348 /* RobotKitSample */;
			targetProxy = 6712ADB12ED8964800527348 /* PBXContainerItemProxy */;
		};
		6712ADBC2ED8964800527348 /* PBXTargetDependency */ = {
			isa = PBXTargetDependency;
			target = 6712ADA22ED8964700527348 /* RobotKitSample */;
			targetProxy = 6712ADBB2ED8964800527348 /* PBXContainerItemProxy */;
		};
/* End PBXTargetDependency section */

/* Begin XCBuildConfiguration section */
		6712ADC22ED8964800527348 /* Debug */ = {
			isa = XCBuildConfiguration;
			buildSettings = {
				ALWAYS_SEARCH_USER_PATHS = NO;
				ASSETCATALOG_COMPILER_GENERATE_SWIFT_ASSET_SYMBOL_EXTENSIONS = YES;
				CLANG_ANALYZER_NONNULL = YES;
				CLANG_ANALYZER_NUMBER_OBJECT_CONVERSION = YES_AGGRESSIVE;
				CLANG_CXX_LANGUAGE_STANDARD = "gnu++20";
				CLANG_ENABLE_MODULES = YES;
				CLANG_ENABLE_OBJC_ARC = YES;
				CLANG_ENABLE_OBJC_WEAK = YES;
				CLANG_WARN_BLOCK_CAPTURE_AUTORELEASING = YES;
				CLANG_WARN_BOOL_CONVERSION = YES;
				CLANG_WARN_COMMA = YES;
				CLANG_WARN_CONSTANT_CONVERSION = YES;
				CLANG_WARN_DEPRECATED_OBJC_IMPLEMENTATIONS = YES;
				CLANG_WARN_DIRECT_OBJC_ISA_USAGE = YES_ERROR;
				CLANG_WARN_DOCUMENTATION_COMMENTS = YES;
				CLANG_WARN_EMPTY_BODY = YES;
				CLANG_WARN_ENUM_CONVERSION = YES;
				CLANG_WARN_INFINITE_RECURSION = YES;
				CLANG_WARN_INT_CONVERSION = YES;
				CLANG_WARN_NON_LITERAL_NULL_CONVERSION = YES;
				CLANG_WARN_OBJC_IMPLICIT_RETAIN_SELF = YES;
				CLANG_WARN_OBJC_LITERAL_CONVERSION = YES;
				CLANG_WARN_OBJC_ROOT_CLASS = YES_ERROR;
				CLANG_WARN_QUOTED_INCLUDE_IN_FRAMEWORK_HEADER = YES;
				CLANG_WARN_RANGE_LOOP_ANALYSIS = YES;
				CLANG_WARN_STRICT_PROTOTYPES = YES;
				CLANG_WARN_SUSPICIOUS_MOVE = YES;
				CLANG_WARN_UNGUARDED_AVAILABILITY = YES_AGGRESSIVE;
				CLANG_WARN_UNREACHABLE_CODE = YES;
				CLANG_WARN__DUPLICATE_METHOD_MATCH = YES;
				COPY_PHASE_STRIP = NO;
				DEBUG_INFORMATION_FORMAT = dwarf;
				DEVELOPMENT_TEAM = QA8E8RMHCT;
				ENABLE_STRICT_OBJC_MSGSEND = YES;
				ENABLE_TESTABILITY = YES;
				ENABLE_USER_SCRIPT_SANDBOXING = YES;
				GCC_C_LANGUAGE_STANDARD = gnu17;
				GCC_DYNAMIC_NO_PIC = NO;
				GCC_NO_COMMON_BLOCKS = YES;
				GCC_OPTIMIZATION_LEVEL = 0;
				GCC_PREPROCESSOR_DEFINITIONS = (
					"DEBUG=1",
					"$(inherited)",
				);
				GCC_WARN_64_TO_32_BIT_CONVERSION = YES;
				GCC_WARN_ABOUT_RETURN_TYPE = YES_ERROR;
				GCC_WARN_UNDECLARED_SELECTOR = YES;
				GCC_WARN_UNINITIALIZED_AUTOS = YES_AGGRESSIVE;
				GCC_WARN_UNUSED_FUNCTION = YES;
				GCC_WARN_UNUSED_VARIABLE = YES;
				IPHONEOS_DEPLOYMENT_TARGET = 26.0;
				LOCALIZATION_PREFERS_STRING_CATALOGS = YES;
				MTL_ENABLE_DEBUG_INFO = INCLUDE_SOURCE;
				MTL_FAST_MATH = YES;
				ONLY_ACTIVE_ARCH = YES;
				SDKROOT = iphoneos;
				SWIFT_ACTIVE_COMPILATION_CONDITIONS = "DEBUG $(inherited)";
				SWIFT_OPTIMIZATION_LEVEL = "-Onone";
				SWIFT_VERSION = 6.0;
			};
			name = Debug;
		};
		6712ADC32ED8964800527348 /* Release */ = {
			isa = XCBuildConfiguration;
			buildSettings = {
				ALWAYS_SEARCH_USER_PATHS = NO;
				ASSETCATALOG_COMPILER_GENERATE_SWIFT_ASSET_SYMBOL_EXTENSIONS = YES;
				CLANG_ANALYZER_NONNULL = YES;
				CLANG_ANALYZER_NUMBER_OBJECT_CONVERSION = YES_AGGRESSIVE;
				CLANG_CXX_LANGUAGE_STANDARD = "gnu++20";
				CLANG_ENABLE_MODULES = YES;
				CLANG_ENABLE_OBJC_ARC = YES;
				CLANG_ENABLE_OBJC_WEAK = YES;
				CLANG_WARN_BLOCK_CAPTURE_AUTORELEASING = YES;
				CLANG_WARN_BOOL_CONVERSION = YES;
				CLANG_WARN_COMMA = YES;
				CLANG_WARN_CONSTANT_CONVERSION = YES;
				CLANG_WARN_DEPRECATED_OBJC_IMPLEMENTATIONS = YES;
				CLANG_WARN_DIRECT_OBJC_ISA_USAGE = YES_ERROR;
				CLANG_WARN_DOCUMENTATION_COMMENTS = YES;
				CLANG_WARN_EMPTY_BODY = YES;
				CLANG_WARN_ENUM_CONVERSION = YES;
				CLANG_WARN_INFINITE_RECURSION = YES;
				CLANG_WARN_INT_CONVERSION = YES;
				CLANG_WARN_NON_LITERAL_NULL_CONVERSION = YES;
				CLANG_WARN_OBJC_IMPLICIT_RETAIN_SELF = YES;
				CLANG_WARN_OBJC_LITERAL_CONVERSION = YES;
				CLANG_WARN_OBJC_ROOT_CLASS = YES_ERROR;
				CLANG_WARN_QUOTED_INCLUDE_IN_FRAMEWORK_HEADER = YES;
				CLANG_WARN_RANGE_LOOP_ANALYSIS = YES;
				CLANG_WARN_STRICT_PROTOTYPES = YES;
				CLANG_WARN_SUSPICIOUS_MOVE = YES;
				CLANG_WARN_UNGUARDED_AVAILABILITY = YES_AGGRESSIVE;
				CLANG_WARN_UNREACHABLE_CODE = YES;
				CLANG_WARN__DUPLICATE_METHOD_MATCH = YES;
				COPY_PHASE_STRIP = NO;
				DEBUG_INFORMATION_FORMAT = "dwarf-with-dsym";
				DEVELOPMENT_TEAM = QA8E8RMHCT;
				ENABLE_NS_ASSERTIONS = NO;
				ENABLE_STRICT_OBJC_MSGSEND = YES;
				ENABLE_USER_SCRIPT_SANDBOXING = YES;
				GCC_C_LANGUAGE_STANDARD = gnu17;
				GCC_NO_COMMON_BLOCKS = YES;
				GCC_WARN_64_TO_32_BIT_CONVERSION = YES;
				GCC_WARN_ABOUT_RETURN_TYPE = YES_ERROR;
				GCC_WARN_UNDECLARED_SELECTOR = YES;
				GCC_WARN_UNINITIALIZED_AUTOS = YES_AGGRESSIVE;
				GCC_WARN_UNUSED_FUNCTION = YES;
				GCC_WARN_UNUSED_VARIABLE = YES;
				IPHONEOS_DEPLOYMENT_TARGET = 26.0;
				LOCALIZATION_PREFERS_STRING_CATALOGS = YES;
				MTL_ENABLE_DEBUG_INFO = NO;
				MTL_FAST_MATH = YES;
				SDKROOT = iphoneos;
				SWIFT_COMPILATION_MODE = wholemodule;
				SWIFT_VERSION = 6.0;
				VALIDATE_PRODUCT = YES;
			};
			name = Release;
		};
		6712ADC52ED8964800527348 /* Debug */ = {
			isa = XCBuildConfiguration;
			buildSettings = {
				ASSETCATALOG_COMPILER_APPICON_NAME = AppIcon;
				ASSETCATALOG_COMPILER_GLOBAL_ACCENT_COLOR_NAME = AccentColor;
				CODE_SIGN_STYLE = Automatic;
				CURRENT_PROJECT_VERSION = 1;
				DEVELOPMENT_TEAM = QA8E8RMHCT;
				ENABLE_PREVIEWS = YES;
				GENERATE_INFOPLIST_FILE = YES;
				INFOPLIST_FILE = RobotKitSample/Info.plist;
				INFOPLIST_KEY_NSCameraUsageDescription = CAMERA_USAGE_DESCRIPTION;
				INFOPLIST_KEY_NSLocalNetworkUsageDescription = "Need network access for the Robot";
				INFOPLIST_KEY_UIApplicationSupportsIndirectInputEvents = YES;
				INFOPLIST_KEY_UILaunchScreen_Generation = YES;
				INFOPLIST_KEY_UIRequiredDeviceCapabilities = arkit;
				INFOPLIST_KEY_UIStatusBarHidden = YES;
				INFOPLIST_KEY_UISupportedInterfaceOrientations_iPad = "UIInterfaceOrientationPortrait UIInterfaceOrientationPortraitUpsideDown UIInterfaceOrientationLandscapeLeft UIInterfaceOrientationLandscapeRight";
				INFOPLIST_KEY_UISupportedInterfaceOrientations_iPhone = "UIInterfaceOrientationPortrait UIInterfaceOrientationLandscapeLeft UIInterfaceOrientationLandscapeRight";
				LD_RUNPATH_SEARCH_PATHS = (
					"$(inherited)",
					"@executable_path/Frameworks",
				);
				MARKETING_VERSION = 1.0;
				PRODUCT_BUNDLE_IDENTIFIER = com.nthstate.RobotKitSample;
				PRODUCT_NAME = "$(TARGET_NAME)";
				STRING_CATALOG_GENERATE_SYMBOLS = YES;
				SWIFT_APPROACHABLE_CONCURRENCY = YES;
				SWIFT_DEFAULT_ACTOR_ISOLATION = MainActor;
				SWIFT_EMIT_LOC_STRINGS = YES;
				SWIFT_UPCOMING_FEATURE_MEMBER_IMPORT_VISIBILITY = YES;
				SWIFT_VERSION = 6.0;
				TARGETED_DEVICE_FAMILY = "1,2";
			};
			name = Debug;
		};
		6712ADC62ED8964800527348 /* Release */ = {
			isa = XCBuildConfiguration;
			buildSettings = {
				ASSETCATALOG_COMPILER_APPICON_NAME = AppIcon;
				ASSETCATALOG_COMPILER_GLOBAL_ACCENT_COLOR_NAME = AccentColor;
				CODE_SIGN_STYLE = Automatic;
				CURRENT_PROJECT_VERSION = 1;
				DEVELOPMENT_TEAM = QA8E8RMHCT;
				ENABLE_PREVIEWS = YES;
				GENERATE_INFOPLIST_FILE = YES;
				INFOPLIST_FILE = RobotKitSample/Info.plist;
				INFOPLIST_KEY_NSCameraUsageDescription = CAMERA_USAGE_DESCRIPTION;
				INFOPLIST_KEY_NSLocalNetworkUsageDescription = "Need network access for the Robot";
				INFOPLIST_KEY_UIApplicationSupportsIndirectInputEvents = YES;
				INFOPLIST_KEY_UILaunchScreen_Generation = YES;
				INFOPLIST_KEY_UIRequiredDeviceCapabilities = arkit;
				INFOPLIST_KEY_UIStatusBarHidden = YES;
				INFOPLIST_KEY_UISupportedInterfaceOrientations_iPad = "UIInterfaceOrientationPortrait UIInterfaceOrientationPortraitUpsideDown UIInterfaceOrientationLandscapeLeft UIInterfaceOrientationLandscapeRight";
				INFOPLIST_KEY_UISupportedInterfaceOrientations_iPhone = "UIInterfaceOrientationPortrait UIInterfaceOrientationLandscapeLeft UIInterfaceOrientationLandscapeRight";
				LD_RUNPATH_SEARCH_PATHS = (
					"$(inherited)",
					"@executable_path/Frameworks",
				);
				MARKETING_VERSION = 1.0;
				PRODUCT_BUNDLE_IDENTIFIER = com.nthstate.RobotKitSample;
				PRODUCT_NAME = "$(TARGET_NAME)";
				STRING_CATALOG_GENERATE_SYMBOLS = YES;
				SWIFT_APPROACHABLE_CONCURRENCY = YES;
				SWIFT_DEFAULT_ACTOR_ISOLATION = MainActor;
				SWIFT_EMIT_LOC_STRINGS = YES;
				SWIFT_UPCOMING_FEATURE_MEMBER_IMPORT_VISIBILITY = YES;
				SWIFT_VERSION = 6.0;
				TARGETED_DEVICE_FAMILY = "1,2";
			};
			name = Release;
		};
		6712ADC82ED8964800527348 /* Debug */ = {
			isa = XCBuildConfiguration;
			buildSettings = {
				BUNDLE_LOADER = "$(TEST_HOST)";
				CODE_SIGN_STYLE = Automatic;
				CURRENT_PROJECT_VERSION = 1;
				DEVELOPMENT_TEAM = QA8E8RMHCT;
				GENERATE_INFOPLIST_FILE = YES;
				IPHONEOS_DEPLOYMENT_TARGET = 26.0;
				MARKETING_VERSION = 1.0;
				PRODUCT_BUNDLE_IDENTIFIER = com.nthstate.RobotKitSampleTests;
				PRODUCT_NAME = "$(TARGET_NAME)";
				STRING_CATALOG_GENERATE_SYMBOLS = NO;
				SWIFT_APPROACHABLE_CONCURRENCY = YES;
				SWIFT_EMIT_LOC_STRINGS = NO;
				SWIFT_UPCOMING_FEATURE_MEMBER_IMPORT_VISIBILITY = YES;
				SWIFT_VERSION = 6.0;
				TARGETED_DEVICE_FAMILY = "1,2";
				TEST_HOST = "$(BUILT_PRODUCTS_DIR)/RobotKitSample.app/$(BUNDLE_EXECUTABLE_FOLDER_PATH)/RobotKitSample";
			};
			name = Debug;
		};
		6712ADC92ED8964800527348 /* Release */ = {
			isa = XCBuildConfiguration;
			buildSettings = {
				BUNDLE_LOADER = "$(TEST_HOST)";
				CODE_SIGN_STYLE = Automatic;
				CURRENT_PROJECT_VERSION = 1;
				DEVELOPMENT_TEAM = QA8E8RMHCT;
				GENERATE_INFOPLIST_FILE = YES;
				IPHONEOS_DEPLOYMENT_TARGET = 26.0;
				MARKETING_VERSION = 1.0;
				PRODUCT_BUNDLE_IDENTIFIER = com.nthstate.RobotKitSampleTests;
				PRODUCT_NAME = "$(TARGET_NAME)";
				STRING_CATALOG_GENERATE_SYMBOLS = NO;
				SWIFT_APPROACHABLE_CONCURRENCY = YES;
				SWIFT_EMIT_LOC_STRINGS = NO;
				SWIFT_UPCOMING_FEATURE_MEMBER_IMPORT_VISIBILITY = YES;
				SWIFT_VERSION = 6.0;
				TARGETED_DEVICE_FAMILY = "1,2";
				TEST_HOST = "$(BUILT_PRODUCTS_DIR)/RobotKitSample.app/$(BUNDLE_EXECUTABLE_FOLDER_PATH)/RobotKitSample";
			};
			name = Release;
		};
		6712ADCB2ED8964800527348 /* Debug */ = {
			isa = XCBuildConfiguration;
			buildSettings = {
				CODE_SIGN_STYLE = Automatic;
				CURRENT_PROJECT_VERSION = 1;
				DEVELOPMENT_TEAM = QA8E8RMHCT;
				GENERATE_INFOPLIST_FILE = YES;
				INFOPLIST_FILE = RobotKitSampleUITests/Info.plist;
				INFOPLIST_KEY_NSLocalNetworkUsageDescription = "Need network access for the Robot";
				MARKETING_VERSION = 1.0;
				PRODUCT_BUNDLE_IDENTIFIER = com.nthstate.RobotKitSampleUITests;
				PRODUCT_NAME = "$(TARGET_NAME)";
				STRING_CATALOG_GENERATE_SYMBOLS = NO;
				SWIFT_APPROACHABLE_CONCURRENCY = YES;
				SWIFT_EMIT_LOC_STRINGS = NO;
				SWIFT_UPCOMING_FEATURE_MEMBER_IMPORT_VISIBILITY = YES;
				SWIFT_VERSION = 6.0;
				TARGETED_DEVICE_FAMILY = "1,2";
				TEST_TARGET_NAME = RobotKitSample;
			};
			name = Debug;
		};
		6712ADCC2ED8964800527348 /* Release */ = {
			isa = XCBuildConfiguration;
			buildSettings = {
				CODE_SIGN_STYLE = Automatic;
				CURRENT_PROJECT_VERSION = 1;
				DEVELOPMENT_TEAM = QA8E8RMHCT;
				GENERATE_INFOPLIST_FILE = YES;
				INFOPLIST_FILE = RobotKitSampleUITests/Info.plist;
				INFOPLIST_KEY_NSLocalNetworkUsageDescription = "Need network access for the Robot";
				MARKETING_VERSION = 1.0;
				PRODUCT_BUNDLE_IDENTIFIER = com.nthstate.RobotKitSampleUITests;
				PRODUCT_NAME = "$(TARGET_NAME)";
				STRING_CATALOG_GENERATE_SYMBOLS = NO;
				SWIFT_APPROACHABLE_CONCURRENCY = YES;
				SWIFT_EMIT_LOC_STRINGS = NO;
				SWIFT_UPCOMING_FEATURE_MEMBER_IMPORT_VISIBILITY = YES;
				SWIFT_VERSION = 6.0;
				TARGETED_DEVICE_FAMILY = "1,2";
				TEST_TARGET_NAME = RobotKitSample;
			};
			name = Release;
		};
/* End XCBuildConfiguration section */

/* Begin XCConfigurationList section */
		6712AD9E2ED8964700527348 /* Build configuration list for PBXProject "RobotKitSample" */ = {
			isa = XCConfigurationList;
			buildConfigurations = (
				6712ADC22ED8964800527348 /* Debug */,
				6712ADC32ED8964800527348 /* Release */,
			);
			defaultConfigurationIsVisible = 0;
			defaultConfigurationName = Release;
		};
		6712ADC42ED8964800527348 /* Build configuration list for PBXNativeTarget "RobotKitSample" */ = {
			isa = XCConfigurationList;
			buildConfigurations = (
				6712ADC52ED8964800527348 /* Debug */,
				6712ADC62ED8964800527348 /* Release */,
			);
			defaultConfigurationIsVisible = 0;
			defaultConfigurationName = Release;
		};
		6712ADC72ED8964800527348 /* Build configuration list for PBXNativeTarget "RobotKitSampleTests" */ = {
			isa = XCConfigurationList;
			buildConfigurations = (
				6712ADC82ED8964800527348 /* Debug */,
				6712ADC92ED8964800527348 /* Release */,
			);
			defaultConfigurationIsVisible = 0;
			defaultConfigurationName = Release;
		};
		6712ADCA2ED8964800527348 /* Build configuration list for PBXNativeTarget "RobotKitSampleUITests" */ = {
			isa = XCConfigurationList;
			buildConfigurations = (
				6712ADCB2ED8964800527348 /* Debug */,
				6712ADCC2ED8964800527348 /* Release */,
			);
			defaultConfigurationIsVisible = 0;
			defaultConfigurationName = Release;
		};
/* End XCConfigurationList section */

/* Begin XCRemoteSwiftPackageReference section */
		6712AE272ED8970C00527348 /* XCRemoteSwiftPackageReference "RobotKit" */ = {
			isa = XCRemoteSwiftPackageReference;
			repositoryURL = "https://github.com/nthState/RobotKit";
			requirement = {
				branch = main;
				kind = branch;
			};
		};
/* End XCRemoteSwiftPackageReference section */

/* Begin XCSwiftPackageProductDependency section */
		6712AE282ED8970C00527348 /* RobotKit */ = {
			isa = XCSwiftPackageProductDependency;
			package = 6712AE272ED8970C00527348 /* XCRemoteSwiftPackageReference "RobotKit" */;
			productName = RobotKit;
		};
/* End XCSwiftPackageProductDependency section */
	};
	rootObject = 6712AD9B2ED8964700527348 /* Project object */;
}
